{
  "name": "adaptive-orchestrator",
  "version": "0.7.0-alpha.1",
  "lockfileVersion": 3,
  "requires": true,
  "packages": {
    "": {
      "name": "adaptive-orchestrator",
      "version": "0.7.0-alpha.1",
      "license": "MIT",
      "bin": {
        "aorch": "src/cli.js"
      },
      "engines": {
        "node": ">=20"
      },
      "description": "Bootstrap-only adaptive worker routing and official-source prompt compilation for Claude Code and Codex CLI"
    }
  }
}
